
Microsoft Visual Studio Solution File, Format Version 12.00
# Visual Studio Version 17
VisualStudioVersion = 17.1.32414.318
MinimumVisualStudioVersion = 10.0.40219.1
Project("{9A19103F-16F7-4668-BE54-9A1E7A4F7556}") = "DeliveryWebApi", "DeliveryWebApi\DeliveryWebApi.csproj", "{332C6280-C683-480E-940C-6632BCA8BE52}"
EndProject
Project("{FAE04EC0-301F-11D3-BF4B-00C04F79EFBC}") = "UnitTests", "UnitTests\UnitTests.csproj", "{33769600-4467-4804-BC23-1189BBDD736D}"
EndProject
Global
	GlobalSection(SolutionConfigurationPlatforms) = preSolution
		Debug|Any CPU = Debug|Any CPU
		Release|Any CPU = Release|Any CPU
	EndGlobalSection
	GlobalSection(ProjectConfigurationPlatforms) = postSolution
		{332C6280-C683-480E-940C-6632BCA8BE52}.Debug|Any CPU.ActiveCfg = Debug|Any CPU
		{332C6280-C683-480E-940C-6632BCA8BE52}.Debug|Any CPU.Build.0 = Debug|Any CPU
		{332C6280-C683-480E-940C-6632BCA8BE52}.Release|Any CPU.ActiveCfg = Release|Any CPU
		{332C6280-C683-480E-940C-6632BCA8BE52}.Release|Any CPU.Build.0 = Release|Any CPU
		{33769600-4467-4804-BC23-1189BBDD736D}.Debug|Any CPU.ActiveCfg = Debug|Any CPU
		{33769600-4467-4804-BC23-1189BBDD736D}.Debug|Any CPU.Build.0 = Debug|Any CPU
		{33769600-4467-4804-BC23-1189BBDD736D}.Release|Any CPU.ActiveCfg = Release|Any CPU
		{33769600-4467-4804-BC23-1189BBDD736D}.Release|Any CPU.Build.0 = Release|Any CPU
	EndGlobalSection
	GlobalSection(SolutionProperties) = preSolution
		HideSolutionNode = FALSE
	EndGlobalSection
	GlobalSection(ExtensibilityGlobals) = postSolution
		SolutionGuid = {31BE06A8-BDFB-4491-B26F-11E1800C848E}
	EndGlobalSection
EndGlobal
